
Microsoft Visual Studio Solution File, Format Version 12.00
# Visual Studio Version 17
VisualStudioVersion = 17.14.36511.14 d17.14
MinimumVisualStudioVersion = 10.0.40219.1
Project("{FAE04EC0-301F-11D3-BF4B-00C04F79EFBC}") = "Practica_3", "Practica_3\Practica_3.csproj", "{5D61336D-C901-44FF-8978-668428F8B627}"
EndProject
Global
	GlobalSection(SolutionConfigurationPlatforms) = preSolution
		Debug|Any CPU = Debug|Any CPU
		Release|Any CPU = Release|Any CPU
	EndGlobalSection
	GlobalSection(ProjectConfigurationPlatforms) = postSolution
		{5D61336D-C901-44FF-8978-668428F8B627}.Debug|Any CPU.ActiveCfg = Debug|Any CPU
		{5D61336D-C901-44FF-8978-668428F8B627}.Debug|Any CPU.Build.0 = Debug|Any CPU
		{5D61336D-C901-44FF-8978-668428F8B627}.Release|Any CPU.ActiveCfg = Release|Any CPU
		{5D61336D-C901-44FF-8978-668428F8B627}.Release|Any CPU.Build.0 = Release|Any CPU
	EndGlobalSection
	GlobalSection(SolutionProperties) = preSolution
		HideSolutionNode = FALSE
	EndGlobalSection
	GlobalSection(ExtensibilityGlobals) = postSolution
		SolutionGuid = {65FC2630-B3FC-4A27-B567-A53D3E0F8986}
	EndGlobalSection
EndGlobal
