
Microsoft Visual Studio Solution File, Format Version 12.00
# Visual Studio Version 17
VisualStudioVersion = 17.14.36121.58 d17.14
MinimumVisualStudioVersion = 10.0.40219.1
Project("{FAE04EC0-301F-11D3-BF4B-00C04F79EFBC}") = "16-CalculadoraSimple", "16-CalculadoraSimple\16-CalculadoraSimple.csproj", "{A3B4473E-7E7F-43DD-9A8C-D001E1440887}"
EndProject
Global
	GlobalSection(SolutionConfigurationPlatforms) = preSolution
		Debug|Any CPU = Debug|Any CPU
		Release|Any CPU = Release|Any CPU
	EndGlobalSection
	GlobalSection(ProjectConfigurationPlatforms) = postSolution
		{A3B4473E-7E7F-43DD-9A8C-D001E1440887}.Debug|Any CPU.ActiveCfg = Debug|Any CPU
		{A3B4473E-7E7F-43DD-9A8C-D001E1440887}.Debug|Any CPU.Build.0 = Debug|Any CPU
		{A3B4473E-7E7F-43DD-9A8C-D001E1440887}.Release|Any CPU.ActiveCfg = Release|Any CPU
		{A3B4473E-7E7F-43DD-9A8C-D001E1440887}.Release|Any CPU.Build.0 = Release|Any CPU
	EndGlobalSection
	GlobalSection(SolutionProperties) = preSolution
		HideSolutionNode = FALSE
	EndGlobalSection
	GlobalSection(ExtensibilityGlobals) = postSolution
		SolutionGuid = {61A8CB2A-BD0E-4D60-BB62-99A3F3759AE1}
	EndGlobalSection
EndGlobal
